{
  "name": "miniprogram-ts-quickstart",
  "version": "1.0.0",
  "lockfileVersion": 3,
  "requires": true,
  "packages": {
    "": {
      "name": "miniprogram-ts-quickstart",
      "version": "1.0.0",
      "dependencies": {
        "tdesign-miniprogram": "^1.15.0"
      },
      "devDependencies": {
        "miniprogram-api-typings": "^4.0.7",
        "uglify-js": "^3.19.3"
      }
    },
    "node_modules/miniprogram-api-typings": {
      "version": "4.0.7",
      "resolved": "https://registry.npmjs.org/miniprogram-api-typings/-/miniprogram-api-typings-4.0.7.tgz",
      "integrity": "sha512-sUxqpA1+JxnDWYjO6ihiLWNJl94WzjlhnDpozfBeC+w8Mpejjsc8JuxyC3Xisimj/gp5OYaJ7nd4fM6wepzhEQ==",
      "dev": true,
      "license": "MIT"
    },
    "node_modules/tdesign-miniprogram": {
      "version": "1.15.0",
      "resolved": "https://registry.npmjs.org/tdesign-miniprogram/-/tdesign-miniprogram-1.15.0.tgz",
      "integrity": "sha512-qP1CpUltY4T3SeC1xa4lrI/SnfKF5vwqwF1wyUc3TzIPMdyMBGyXxqBskQKrsIxcoAKSM21n0zsINbtafV/Nhg==",
      "license": "MIT"
    },
    "node_modules/uglify-js": {
      "version": "3.19.3",
      "resolved": "https://registry.npmjs.org/uglify-js/-/uglify-js-3.19.3.tgz",
      "integrity": "sha512-v3Xu+yuwBXisp6QYTcH4UbH+xYJXqnq2m/LtQVWKWzYc1iehYnLixoQDN9FH6/j9/oybfd6W9Ghwkl8+UMKTKQ==",
      "dev": true,
      "license": "BSD-2-Clause",
      "bin": {
        "uglifyjs": "bin/uglifyjs"
      },
      "engines": {
        "node": ">=0.8.0"
      }
    }
  }
}
